
Microsoft Visual Studio Solution File, Format Version 12.00
# Visual Studio 15
VisualStudioVersion = 15.0.27130.2036
MinimumVisualStudioVersion = 10.0.40219.1
Project("{FAE04EC0-301F-11D3-BF4B-00C04F79EFBC}") = "Task2", "Task2\Task2.csproj", "{E7DA9982-8766-407C-ADAA-6E154FD25D98}"
EndProject
Global
	GlobalSection(SolutionConfigurationPlatforms) = preSolution
		Debug|Any CPU = Debug|Any CPU
		Release|Any CPU = Release|Any CPU
	EndGlobalSection
	GlobalSection(ProjectConfigurationPlatforms) = postSolution
		{E7DA9982-8766-407C-ADAA-6E154FD25D98}.Debug|Any CPU.ActiveCfg = Debug|Any CPU
		{E7DA9982-8766-407C-ADAA-6E154FD25D98}.Debug|Any CPU.Build.0 = Debug|Any CPU
		{E7DA9982-8766-407C-ADAA-6E154FD25D98}.Release|Any CPU.ActiveCfg = Release|Any CPU
		{E7DA9982-8766-407C-ADAA-6E154FD25D98}.Release|Any CPU.Build.0 = Release|Any CPU
	EndGlobalSection
	GlobalSection(SolutionProperties) = preSolution
		HideSolutionNode = FALSE
	EndGlobalSection
	GlobalSection(ExtensibilityGlobals) = postSolution
		SolutionGuid = {14608FD5-A599-4796-ABB7-3AB1FCAC6E6D}
	EndGlobalSection
EndGlobal
